{
  "name": "tinypng-easy",
  "version": "1.0.2",
  "lockfileVersion": 2,
  "requires": true,
  "packages": {
    "": {
      "name": "tinypng-easy",
      "version": "1.0.2",
      "license": "ISC",
      "dependencies": {
        "p-pool": "^1.0.0"
      },
      "bin": {
        "tinypng-easy": "index.js"
      }
    },
    "node_modules/p-pool": {
      "version": "1.0.0",
      "resolved": "https://registry.npmjs.org/p-pool/-/p-pool-1.0.0.tgz",
      "integrity": "sha512-PewQCpA110U8OOZubYbJAqcOrGzMVF3IN5Pj+KJJOkykxTtW3//0b5tDRHEsjlvg75kxscI8I3tfyEWfmb999A=="
    }
  },
  "dependencies": {
    "p-pool": {
      "version": "1.0.0",
      "resolved": "https://registry.npmjs.org/p-pool/-/p-pool-1.0.0.tgz",
      "integrity": "sha512-PewQCpA110U8OOZubYbJAqcOrGzMVF3IN5Pj+KJJOkykxTtW3//0b5tDRHEsjlvg75kxscI8I3tfyEWfmb999A=="
    }
  }
}
