{
  "name": "tinypng-easy",
  "version": "1.1.0",
  "lockfileVersion": 2,
  "requires": true,
  "packages": {
    "": {
      "name": "tinypng-easy",
      "version": "1.1.0",
      "license": "ISC",
      "dependencies": {
        "p-pool": "^1.1.1"
      },
      "bin": {
        "tinypng-easy": "index.js"
      }
    },
    "node_modules/p-pool": {
      "version": "1.1.1",
      "resolved": "https://registry.npmjs.org/p-pool/-/p-pool-1.1.1.tgz",
      "integrity": "sha512-ibp8TWy1SkA/EMpFODWJ8PV/Q0nQETCBNcTsLNoVY61JDy3IrZSGRVpDuooNjo0asXst9271whqgd6m8rGpb8g=="
    }
  },
  "dependencies": {
    "p-pool": {
      "version": "1.1.1",
      "resolved": "https://registry.npmjs.org/p-pool/-/p-pool-1.1.1.tgz",
      "integrity": "sha512-ibp8TWy1SkA/EMpFODWJ8PV/Q0nQETCBNcTsLNoVY61JDy3IrZSGRVpDuooNjo0asXst9271whqgd6m8rGpb8g=="
    }
  }
}
